{
  "name": "space",
  "version": "1.0.0",
  "lockfileVersion": 1,
  "requires": true,
  "dependencies": {
    "entities": {
      "version": "1.1.2",
      "resolved": "https://registry.npmjs.org/entities/-/entities-1.1.2.tgz",
      "integrity": "sha512-f2LZMYl1Fzu7YSBKg+RoROelpOaNrcGmE9AZubeDfrCEia483oW4MI4VyFd5VNHIgQ/7qm1I0wUHK1eJnn2y2w=="
    },
    "markdown-it-ast": {
      "version": "0.0.1",
      "resolved": "https://registry.npmjs.org/markdown-it-ast/-/markdown-it-ast-0.0.1.tgz",
      "integrity": "sha1-joRzg3qzsy/RwjZTrm1HZj+XdTg="
    },
    "markdown-it-sub": {
      "version": "1.0.0",
      "resolved": "https://registry.npmjs.org/markdown-it-sub/-/markdown-it-sub-1.0.0.tgz",
      "integrity": "sha1-N1/WAm6ufdywEkl/ZBEZXqHjr+g="
    },
    "marked-ast": {
      "version": "0.3.0",
      "resolved": "https://registry.npmjs.org/marked-ast/-/marked-ast-0.3.0.tgz",
      "integrity": "sha1-3BGdkQn9C+mOkV0eZDueokYG2uw="
    },
    "marked-ast-markdown": {
      "version": "2.0.1",
      "resolved": "https://registry.npmjs.org/marked-ast-markdown/-/marked-ast-markdown-2.0.1.tgz",
      "integrity": "sha512-c7l2EOCpG/VcaX7OYa2xFtWrGOVz/rL7tLqZL0+eak9Vw3HGBry+qbR9IWccGZiwfgCdWt+HvLSootQIBh/KjA==",
      "requires": {
        "entities": "^1.1.1",
        "whisk": "^1.0.0"
      }
    },
    "whisk": {
      "version": "1.4.0",
      "resolved": "https://registry.npmjs.org/whisk/-/whisk-1.4.0.tgz",
      "integrity": "sha512-uh4+hibHa+HxUTUwpP9iiAgyniVB4UBbI6QK2feiv1U9t6PSS32hl/xeAmf0RZhHKXVn3nnNQiju1RzBYVclCg=="
    }
  }
}
